// !$*UTF8*$!
{
	archiveVersion = 1;
	classes = {
	};
	objectVersion = 77;
	objects = {

/* Begin PBXBuildFile section */
		177A34CB8DCF727AF1406553 /* ToolbarComponents.swift in Sources */ = {isa = PBXBuildFile; fileRef = FB4A88C175CBF263AF1676C5 /* ToolbarComponents.swift */; };
		3FB08E25AC931DF8C66CFB02 /* GroupedTrailingDemoScreen.swift in Sources */ = {isa = PBXBuildFile; fileRef = 9ECB243856567DADB5FA152C /* GroupedTrailingDemoScreen.swift */; };
		6972B61E45CE417310ECB7DF /* DetailOnlyDemoScreen.swift in Sources */ = {isa = PBXBuildFile; fileRef = 9BFC86C3543EF23814639C2C /* DetailOnlyDemoScreen.swift */; };
		9059E6FE3E720E40E01C9BBC /* DemoRootView.swift in Sources */ = {isa = PBXBuildFile; fileRef = 6EB6C0E4D55DEA99983BCCC6 /* DemoRootView.swift */; };
		92C58A7B306963D300EF5B32 /* MultipleTrailingDemoScreen.swift in Sources */ = {isa = PBXBuildFile; fileRef = 92C58A7A306963D300EF5B32 /* MultipleTrailingDemoScreen.swift */; };
		D2BDF60C2CCC1944B52264CA /* NavBarDemoApp.swift in Sources */ = {isa = PBXBuildFile; fileRef = 45F7EF831133D2F0BADDC332 /* NavBarDemoApp.swift */; };
		FECC194011B5FB9EB9897755 /* ListWithSegmentsDemoScreen.swift in Sources */ = {isa = PBXBuildFile; fileRef = 0F54DD9E43CAE3E8B0DFB35D /* ListWithSegmentsDemoScreen.swift */; };
/* End PBXBuildFile section */

/* Begin PBXFileReference section */
		0F54DD9E43CAE3E8B0DFB35D /* ListWithSegmentsDemoScreen.swift */ = {isa = PBXFileReference; lastKnownFileType = sourcecode.swift; path = ListWithSegmentsDemoScreen.swift; sourceTree = "<group>"; };
		45F7EF831133D2F0BADDC332 /* NavBarDemoApp.swift */ = {isa = PBXFileReference; lastKnownFileType = sourcecode.swift; path = NavBarDemoApp.swift; sourceTree = "<group>"; };
		6EB6C0E4D55DEA99983BCCC6 /* DemoRootView.swift */ = {isa = PBXFileReference; lastKnownFileType = sourcecode.swift; path = DemoRootView.swift; sourceTree = "<group>"; };
		92C58A7A306963D300EF5B32 /* MultipleTrailingDemoScreen.swift */ = {isa = PBXFileReference; lastKnownFileType = sourcecode.swift; path = MultipleTrailingDemoScreen.swift; sourceTree = "<group>"; };
		95D789376D9733C96F7F0872 /* NavBarDemo.app */ = {isa = PBXFileReference; explicitFileType = wrapper.application; includeInIndex = 0; path = NavBarDemo.app; sourceTree = BUILT_PRODUCTS_DIR; };
		9BFC86C3543EF23814639C2C /* DetailOnlyDemoScreen.swift */ = {isa = PBXFileReference; lastKnownFileType = sourcecode.swift; path = DetailOnlyDemoScreen.swift; sourceTree = "<group>"; };
		9ECB243856567DADB5FA152C /* GroupedTrailingDemoScreen.swift */ = {isa = PBXFileReference; lastKnownFileType = sourcecode.swift; path = GroupedTrailingDemoScreen.swift; sourceTree = "<group>"; };
		FB4A88C175CBF263AF1676C5 /* ToolbarComponents.swift */ = {isa = PBXFileReference; lastKnownFileType = sourcecode.swift; path = ToolbarComponents.swift; sourceTree = "<group>"; };
/* End PBXFileReference section */

/* Begin PBXGroup section */
		046EB0A726C7E46CE34923BB /* Products */ = {
			isa = PBXGroup;
			children = (
				95D789376D9733C96F7F0872 /* NavBarDemo.app */,
			);
			name = Products;
			sourceTree = "<group>";
		};
		6EA81029B7DF275DC6FDEBFF /* NavBarDemo */ = {
			isa = PBXGroup;
			children = (
				6EB6C0E4D55DEA99983BCCC6 /* DemoRootView.swift */,
				9BFC86C3543EF23814639C2C /* DetailOnlyDemoScreen.swift */,
				9ECB243856567DADB5FA152C /* GroupedTrailingDemoScreen.swift */,
				0F54DD9E43CAE3E8B0DFB35D /* ListWithSegmentsDemoScreen.swift */,
				45F7EF831133D2F0BADDC332 /* NavBarDemoApp.swift */,
				FB4A88C175CBF263AF1676C5 /* ToolbarComponents.swift */,
				92C58A7A306963D300EF5B32 /* MultipleTrailingDemoScreen.swift */,
			);
			name = NavBarDemo;
			path = Sources/NavBarDemo;
			sourceTree = "<group>";
		};
		FA79AE2B5280AB36D8DC7B2E = {
			isa = PBXGroup;
			children = (
				6EA81029B7DF275DC6FDEBFF /* NavBarDemo */,
				046EB0A726C7E46CE34923BB /* Products */,
			);
			sourceTree = "<group>";
		};
/* End PBXGroup section */

/* Begin PBXNativeTarget section */
		ABC99FB83C29A340690404C1 /* NavBarDemo */ = {
			isa = PBXNativeTarget;
			buildConfigurationList = 3061D1C5D05D67223B7801A2 /* Build configuration list for PBXNativeTarget "NavBarDemo" */;
			buildPhases = (
				12E6A261BB2B593DB99AD961 /* Sources */,
			);
			buildRules = (
			);
			dependencies = (
			);
			name = NavBarDemo;
			packageProductDependencies = (
			);
			productName = NavBarDemo;
			productReference = 95D789376D9733C96F7F0872 /* NavBarDemo.app */;
			productType = "com.apple.product-type.application";
		};
/* End PBXNativeTarget section */

/* Begin PBXProject section */
		D73CCC1F8F3528E93D1BE05C /* Project object */ = {
			isa = PBXProject;
			attributes = {
				BuildIndependentTargetsInParallel = YES;
				LastUpgradeCheck = 1430;
				TargetAttributes = {
					ABC99FB83C29A340690404C1 = {
						ProvisioningStyle = Automatic;
					};
				};
			};
			buildConfigurationList = EB617FEAC3DD120156428897 /* Build configuration list for PBXProject "NavBarDemo" */;
			developmentRegion = en;
			hasScannedForEncodings = 0;
			knownRegions = (
				Base,
				en,
			);
			mainGroup = FA79AE2B5280AB36D8DC7B2E;
			minimizedProjectReferenceProxies = 1;
			preferredProjectObjectVersion = 77;
			productRefGroup = 046EB0A726C7E46CE34923BB /* Products */;
			projectDirPath = "";
			projectRoot = "";
			targets = (
				ABC99FB83C29A340690404C1 /* NavBarDemo */,
			);
		};
/* End PBXProject section */

/* Begin PBXSourcesBuildPhase section */
		12E6A261BB2B593DB99AD961 /* Sources */ = {
			isa = PBXSourcesBuildPhase;
			buildActionMask = 2147483647;
			files = (
				9059E6FE3E720E40E01C9BBC /* DemoRootView.swift in Sources */,
				6972B61E45CE417310ECB7DF /* DetailOnlyDemoScreen.swift in Sources */,
				92C58A7B306963D300EF5B32 /* MultipleTrailingDemoScreen.swift in Sources */,
				3FB08E25AC931DF8C66CFB02 /* GroupedTrailingDemoScreen.swift in Sources */,
				FECC194011B5FB9EB9897755 /* ListWithSegmentsDemoScreen.swift in Sources */,
				D2BDF60C2CCC1944B52264CA /* NavBarDemoApp.swift in Sources */,
				177A34CB8DCF727AF1406553 /* ToolbarComponents.swift in Sources */,
			);
			runOnlyForDeploymentPostprocessing = 0;
		};
/* End PBXSourcesBuildPhase section */

/* Begin XCBuildConfiguration section */
		590BCB501C9364462512A5FE /* Release */ = {
			isa = XCBuildConfiguration;
			buildSettings = {
				ASSETCATALOG_COMPILER_APPICON_NAME = AppIcon;
				CODE_SIGN_IDENTITY = "iPhone Developer";
				CODE_SIGN_STYLE = Automatic;
				DEVELOPMENT_TEAM = 8427SX9667;
				GENERATE_INFOPLIST_FILE = YES;
				INFOPLIST_KEY_UIApplicationSceneManifest_Generation = YES;
				INFOPLIST_KEY_UILaunchScreen_Generation = YES;
				LD_RUNPATH_SEARCH_PATHS = (
					"$(inherited)",
					"@executable_path/Frameworks",
				);
				PRODUCT_BUNDLE_IDENTIFIER = com.example.NavBarDemo;
				SDKROOT = iphoneos;
				SWIFT_VERSION = 5.0;
				TARGETED_DEVICE_FAMILY = "1,2";
			};
			name = Release;
		};
		7A54C1834308B2EE0DB5B075 /* Release */ = {
			isa = XCBuildConfiguration;
			buildSettings = {
				ALWAYS_SEARCH_USER_PATHS = NO;
				CLANG_ANALYZER_NONNULL = YES;
				CLANG_ANALYZER_NUMBER_OBJECT_CONVERSION = YES_AGGRESSIVE;
				CLANG_CXX_LANGUAGE_STANDARD = "gnu++14";
				CLANG_CXX_LIBRARY = "libc++";
				CLANG_ENABLE_MODULES = YES;
				CLANG_ENABLE_OBJC_ARC = YES;
				CLANG_ENABLE_OBJC_WEAK = YES;
				CLANG_WARN_BLOCK_CAPTURE_AUTORELEASING = YES;
				CLANG_WARN_BOOL_CONVERSION = YES;
				CLANG_WARN_COMMA = YES;
				CLANG_WARN_CONSTANT_CONVERSION = YES;
				CLANG_WARN_DEPRECATED_OBJC_IMPLEMENTATIONS = YES;
				CLANG_WARN_DIRECT_OBJC_ISA_USAGE = YES_ERROR;
				CLANG_WARN_DOCUMENTATION_COMMENTS = YES;
				CLANG_WARN_EMPTY_BODY = YES;
				CLANG_WARN_ENUM_CONVERSION = YES;
				CLANG_WARN_INFINITE_RECURSION = YES;
				CLANG_WARN_INT_CONVERSION = YES;
				CLANG_WARN_NON_LITERAL_NULL_CONVERSION = YES;
				CLANG_WARN_OBJC_IMPLICIT_RETAIN_SELF = YES;
				CLANG_WARN_OBJC_LITERAL_CONVERSION = YES;
				CLANG_WARN_OBJC_ROOT_CLASS = YES_ERROR;
				CLANG_WARN_QUOTED_INCLUDE_IN_FRAMEWORK_HEADER = YES;
				CLANG_WARN_RANGE_LOOP_ANALYSIS = YES;
				CLANG_WARN_STRICT_PROTOTYPES = YES;
				CLANG_WARN_SUSPICIOUS_MOVE = YES;
				CLANG_WARN_UNGUARDED_AVAILABILITY = YES_AGGRESSIVE;
				CLANG_WARN_UNREACHABLE_CODE = YES;
				CLANG_WARN__DUPLICATE_METHOD_MATCH = YES;
				COPY_PHASE_STRIP = NO;
				DEBUG_INFORMATION_FORMAT = "dwarf-with-dsym";
				ENABLE_NS_ASSERTIONS = NO;
				ENABLE_STRICT_OBJC_MSGSEND = YES;
				GCC_C_LANGUAGE_STANDARD = gnu11;
				GCC_NO_COMMON_BLOCKS = YES;
				GCC_WARN_64_TO_32_BIT_CONVERSION = YES;
				GCC_WARN_ABOUT_RETURN_TYPE = YES_ERROR;
				GCC_WARN_UNDECLARED_SELECTOR = YES;
				GCC_WARN_UNINITIALIZED_AUTOS = YES_AGGRESSIVE;
				GCC_WARN_UNUSED_FUNCTION = YES;
				GCC_WARN_UNUSED_VARIABLE = YES;
				IPHONEOS_DEPLOYMENT_TARGET = 26.0;
				MTL_ENABLE_DEBUG_INFO = NO;
				MTL_FAST_MATH = YES;
				PRODUCT_NAME = "$(TARGET_NAME)";
				SDKROOT = iphoneos;
				SWIFT_COMPILATION_MODE = wholemodule;
				SWIFT_OPTIMIZATION_LEVEL = "-O";
				SWIFT_VERSION = 5.0;
			};
			name = Release;
		};
		96D37F7D35FEDA56C77C03F3 /* Debug */ = {
			isa = XCBuildConfiguration;
			buildSettings = {
				ALWAYS_SEARCH_USER_PATHS = NO;
				CLANG_ANALYZER_NONNULL = YES;
				CLANG_ANALYZER_NUMBER_OBJECT_CONVERSION = YES_AGGRESSIVE;
				CLANG_CXX_LANGUAGE_STANDARD = "gnu++14";
				CLANG_CXX_LIBRARY = "libc++";
				CLANG_ENABLE_MODULES = YES;
				CLANG_ENABLE_OBJC_ARC = YES;
				CLANG_ENABLE_OBJC_WEAK = YES;
				CLANG_WARN_BLOCK_CAPTURE_AUTORELEASING = YES;
				CLANG_WARN_BOOL_CONVERSION = YES;
				CLANG_WARN_COMMA = YES;
				CLANG_WARN_CONSTANT_CONVERSION = YES;
				CLANG_WARN_DEPRECATED_OBJC_IMPLEMENTATIONS = YES;
				CLANG_WARN_DIRECT_OBJC_ISA_USAGE = YES_ERROR;
				CLANG_WARN_DOCUMENTATION_COMMENTS = YES;
				CLANG_WARN_EMPTY_BODY = YES;
				CLANG_WARN_ENUM_CONVERSION = YES;
				CLANG_WARN_INFINITE_RECURSION = YES;
				CLANG_WARN_INT_CONVERSION = YES;
				CLANG_WARN_NON_LITERAL_NULL_CONVERSION = YES;
				CLANG_WARN_OBJC_IMPLICIT_RETAIN_SELF = YES;
				CLANG_WARN_OBJC_LITERAL_CONVERSION = YES;
				CLANG_WARN_OBJC_ROOT_CLASS = YES_ERROR;
				CLANG_WARN_QUOTED_INCLUDE_IN_FRAMEWORK_HEADER = YES;
				CLANG_WARN_RANGE_LOOP_ANALYSIS = YES;
				CLANG_WARN_STRICT_PROTOTYPES = YES;
				CLANG_WARN_SUSPICIOUS_MOVE = YES;
				CLANG_WARN_UNGUARDED_AVAILABILITY = YES_AGGRESSIVE;
				CLANG_WARN_UNREACHABLE_CODE = YES;
				CLANG_WARN__DUPLICATE_METHOD_MATCH = YES;
				COPY_PHASE_STRIP = NO;
				DEBUG_INFORMATION_FORMAT = dwarf;
				ENABLE_STRICT_OBJC_MSGSEND = YES;
				ENABLE_TESTABILITY = YES;
				GCC_C_LANGUAGE_STANDARD = gnu11;
				GCC_DYNAMIC_NO_PIC = NO;
				GCC_NO_COMMON_BLOCKS = YES;
				GCC_OPTIMIZATION_LEVEL = 0;
				GCC_PREPROCESSOR_DEFINITIONS = (
					"$(inherited)",
					"DEBUG=1",
				);
				GCC_WARN_64_TO_32_BIT_CONVERSION = YES;
				GCC_WARN_ABOUT_RETURN_TYPE = YES_ERROR;
				GCC_WARN_UNDECLARED_SELECTOR = YES;
				GCC_WARN_UNINITIALIZED_AUTOS = YES_AGGRESSIVE;
				GCC_WARN_UNUSED_FUNCTION = YES;
				GCC_WARN_UNUSED_VARIABLE = YES;
				IPHONEOS_DEPLOYMENT_TARGET = 26.0;
				MTL_ENABLE_DEBUG_INFO = INCLUDE_SOURCE;
				MTL_FAST_MATH = YES;
				ONLY_ACTIVE_ARCH = YES;
				PRODUCT_NAME = "$(TARGET_NAME)";
				SDKROOT = iphoneos;
				SWIFT_ACTIVE_COMPILATION_CONDITIONS = DEBUG;
				SWIFT_OPTIMIZATION_LEVEL = "-Onone";
				SWIFT_VERSION = 5.0;
			};
			name = Debug;
		};
		A4A11F37A0502F151A206626 /* Debug */ = {
			isa = XCBuildConfiguration;
			buildSettings = {
				ASSETCATALOG_COMPILER_APPICON_NAME = AppIcon;
				CODE_SIGN_IDENTITY = "iPhone Developer";
				CODE_SIGN_STYLE = Automatic;
				DEVELOPMENT_TEAM = 8427SX9667;
				GENERATE_INFOPLIST_FILE = YES;
				INFOPLIST_KEY_UIApplicationSceneManifest_Generation = YES;
				INFOPLIST_KEY_UILaunchScreen_Generation = YES;
				LD_RUNPATH_SEARCH_PATHS = (
					"$(inherited)",
					"@executable_path/Frameworks",
				);
				PRODUCT_BUNDLE_IDENTIFIER = com.example.NavBarDemo;
				SDKROOT = iphoneos;
				SWIFT_VERSION = 5.0;
				TARGETED_DEVICE_FAMILY = "1,2";
			};
			name = Debug;
		};
/* End XCBuildConfiguration section */

/* Begin XCConfigurationList section */
		3061D1C5D05D67223B7801A2 /* Build configuration list for PBXNativeTarget "NavBarDemo" */ = {
			isa = XCConfigurationList;
			buildConfigurations = (
				A4A11F37A0502F151A206626 /* Debug */,
				590BCB501C9364462512A5FE /* Release */,
			);
			defaultConfigurationIsVisible = 0;
			defaultConfigurationName = Debug;
		};
		EB617FEAC3DD120156428897 /* Build configuration list for PBXProject "NavBarDemo" */ = {
			isa = XCConfigurationList;
			buildConfigurations = (
				96D37F7D35FEDA56C77C03F3 /* Debug */,
				7A54C1834308B2EE0DB5B075 /* Release */,
			);
			defaultConfigurationIsVisible = 0;
			defaultConfigurationName = Debug;
		};
/* End XCConfigurationList section */
	};
	rootObject = D73CCC1F8F3528E93D1BE05C /* Project object */;
}
